
Microsoft Visual Studio Solution File, Format Version 12.00
# Visual Studio Version 17
VisualStudioVersion = 17.9.34616.47
MinimumVisualStudioVersion = 10.0.40219.1
Project("{8BC9CEB8-8B4A-11D0-8D11-00A0C91BC942}") = "Unit9", "PPP.vcxproj", "{FD62D65D-5768-4D30-A271-2B9E532FEA50}"
EndProject
Project("{8BC9CEB8-8B4A-11D0-8D11-00A0C91BC942}") = "chronos", "..\chronos\chronos.vcxproj", "{85510B40-F550-4DE8-A4F6-3DA71C2A92D6}"
EndProject
Project("{8BC9CEB8-8B4A-11D0-8D11-00A0C91BC942}") = "13exercise", "..\13exercise\13exercise.vcxproj", "{1A9041BD-606A-4C2D-8032-D9C4B2B02E9C}"
EndProject
Project("{8BC9CEB8-8B4A-11D0-8D11-00A0C91BC942}") = "Unit10drills", "..\Unit10drills\Unit10drills.vcxproj", "{4D648A4E-F0DB-4812-A062-1FFD1A058035}"
EndProject
Project("{8BC9CEB8-8B4A-11D0-8D11-00A0C91BC942}") = "Unit10Ex1", "..\Unit10Ex1\Unit10Ex1.vcxproj", "{5B916DDB-8DB8-4FE3-ADFD-E21F99323E0F}"
EndProject
Project("{8BC9CEB8-8B4A-11D0-8D11-00A0C91BC942}") = "store_temps.cpp", "..\store_temps.cpp\store_temps.cpp.vcxproj", "{A3252AA5-4FAF-48F4-A059-79B6131300BA}"
EndProject
Project("{8BC9CEB8-8B4A-11D0-8D11-00A0C91BC942}") = "Ex3", "..\Ex3\Ex3.vcxproj", "{5208299C-DB96-44CF-ADEE-9CF53C3803B9}"
EndProject
Project("{8BC9CEB8-8B4A-11D0-8D11-00A0C91BC942}") = "Ex5", "..\Ex5\Ex5.vcxproj", "{4E4F6C68-3394-406E-9274-C560E086A19A}"
EndProject
Project("{8BC9CEB8-8B4A-11D0-8D11-00A0C91BC942}") = "Ex6", "..\Ex6\Ex6.vcxproj", "{B276CD83-327A-41DD-99EB-5C13A8983BA6}"
EndProject
Project("{8BC9CEB8-8B4A-11D0-8D11-00A0C91BC942}") = "Ex7", "..\Ex7\Ex7.vcxproj", "{E0D7E2B2-76D4-4EFD-B25F-29AAC33D1202}"
EndProject
Project("{8BC9CEB8-8B4A-11D0-8D11-00A0C91BC942}") = "for_testing", "..\for_testing\for_testing.vcxproj", "{A83E7E8B-6F4C-427B-B693-373D540B6502}"
EndProject
Project("{8BC9CEB8-8B4A-11D0-8D11-00A0C91BC942}") = "Ex8, 9", "..\Ex8\Ex8.vcxproj", "{986D2630-66E0-4A89-979D-691083A14381}"
EndProject
Project("{8BC9CEB8-8B4A-11D0-8D11-00A0C91BC942}") = "Ex10", "..\Ex10\Ex10.vcxproj", "{40123B4D-7174-42F9-A2DA-235C5626B4B3}"
EndProject
Global
	GlobalSection(SolutionConfigurationPlatforms) = preSolution
		Debug|x64 = Debug|x64
		Debug|x86 = Debug|x86
		Release|x64 = Release|x64
		Release|x86 = Release|x86
	EndGlobalSection
	GlobalSection(ProjectConfigurationPlatforms) = postSolution
		{FD62D65D-5768-4D30-A271-2B9E532FEA50}.Debug|x64.ActiveCfg = Debug|x64
		{FD62D65D-5768-4D30-A271-2B9E532FEA50}.Debug|x64.Build.0 = Debug|x64
		{FD62D65D-5768-4D30-A271-2B9E532FEA50}.Debug|x86.ActiveCfg = Debug|Win32
		{FD62D65D-5768-4D30-A271-2B9E532FEA50}.Debug|x86.Build.0 = Debug|Win32
		{FD62D65D-5768-4D30-A271-2B9E532FEA50}.Release|x64.ActiveCfg = Release|x64
		{FD62D65D-5768-4D30-A271-2B9E532FEA50}.Release|x64.Build.0 = Release|x64
		{FD62D65D-5768-4D30-A271-2B9E532FEA50}.Release|x86.ActiveCfg = Release|Win32
		{FD62D65D-5768-4D30-A271-2B9E532FEA50}.Release|x86.Build.0 = Release|Win32
		{85510B40-F550-4DE8-A4F6-3DA71C2A92D6}.Debug|x64.ActiveCfg = Debug|x64
		{85510B40-F550-4DE8-A4F6-3DA71C2A92D6}.Debug|x64.Build.0 = Debug|x64
		{85510B40-F550-4DE8-A4F6-3DA71C2A92D6}.Debug|x86.ActiveCfg = Debug|Win32
		{85510B40-F550-4DE8-A4F6-3DA71C2A92D6}.Debug|x86.Build.0 = Debug|Win32
		{85510B40-F550-4DE8-A4F6-3DA71C2A92D6}.Release|x64.ActiveCfg = Release|x64
		{85510B40-F550-4DE8-A4F6-3DA71C2A92D6}.Release|x64.Build.0 = Release|x64
		{85510B40-F550-4DE8-A4F6-3DA71C2A92D6}.Release|x86.ActiveCfg = Release|Win32
		{85510B40-F550-4DE8-A4F6-3DA71C2A92D6}.Release|x86.Build.0 = Release|Win32
		{1A9041BD-606A-4C2D-8032-D9C4B2B02E9C}.Debug|x64.ActiveCfg = Debug|x64
		{1A9041BD-606A-4C2D-8032-D9C4B2B02E9C}.Debug|x64.Build.0 = Debug|x64
		{1A9041BD-606A-4C2D-8032-D9C4B2B02E9C}.Debug|x86.ActiveCfg = Debug|Win32
		{1A9041BD-606A-4C2D-8032-D9C4B2B02E9C}.Debug|x86.Build.0 = Debug|Win32
		{1A9041BD-606A-4C2D-8032-D9C4B2B02E9C}.Release|x64.ActiveCfg = Release|x64
		{1A9041BD-606A-4C2D-8032-D9C4B2B02E9C}.Release|x64.Build.0 = Release|x64
		{1A9041BD-606A-4C2D-8032-D9C4B2B02E9C}.Release|x86.ActiveCfg = Release|Win32
		{1A9041BD-606A-4C2D-8032-D9C4B2B02E9C}.Release|x86.Build.0 = Release|Win32
		{4D648A4E-F0DB-4812-A062-1FFD1A058035}.Debug|x64.ActiveCfg = Debug|x64
		{4D648A4E-F0DB-4812-A062-1FFD1A058035}.Debug|x64.Build.0 = Debug|x64
		{4D648A4E-F0DB-4812-A062-1FFD1A058035}.Debug|x86.ActiveCfg = Debug|Win32
		{4D648A4E-F0DB-4812-A062-1FFD1A058035}.Debug|x86.Build.0 = Debug|Win32
		{4D648A4E-F0DB-4812-A062-1FFD1A058035}.Release|x64.ActiveCfg = Release|x64
		{4D648A4E-F0DB-4812-A062-1FFD1A058035}.Release|x64.Build.0 = Release|x64
		{4D648A4E-F0DB-4812-A062-1FFD1A058035}.Release|x86.ActiveCfg = Release|Win32
		{4D648A4E-F0DB-4812-A062-1FFD1A058035}.Release|x86.Build.0 = Release|Win32
		{5B916DDB-8DB8-4FE3-ADFD-E21F99323E0F}.Debug|x64.ActiveCfg = Debug|x64
		{5B916DDB-8DB8-4FE3-ADFD-E21F99323E0F}.Debug|x64.Build.0 = Debug|x64
		{5B916DDB-8DB8-4FE3-ADFD-E21F99323E0F}.Debug|x86.ActiveCfg = Debug|Win32
		{5B916DDB-8DB8-4FE3-ADFD-E21F99323E0F}.Debug|x86.Build.0 = Debug|Win32
		{5B916DDB-8DB8-4FE3-ADFD-E21F99323E0F}.Release|x64.ActiveCfg = Release|x64
		{5B916DDB-8DB8-4FE3-ADFD-E21F99323E0F}.Release|x64.Build.0 = Release|x64
		{5B916DDB-8DB8-4FE3-ADFD-E21F99323E0F}.Release|x86.ActiveCfg = Release|Win32
		{5B916DDB-8DB8-4FE3-ADFD-E21F99323E0F}.Release|x86.Build.0 = Release|Win32
		{A3252AA5-4FAF-48F4-A059-79B6131300BA}.Debug|x64.ActiveCfg = Debug|x64
		{A3252AA5-4FAF-48F4-A059-79B6131300BA}.Debug|x64.Build.0 = Debug|x64
		{A3252AA5-4FAF-48F4-A059-79B6131300BA}.Debug|x86.ActiveCfg = Debug|Win32
		{A3252AA5-4FAF-48F4-A059-79B6131300BA}.Debug|x86.Build.0 = Debug|Win32
		{A3252AA5-4FAF-48F4-A059-79B6131300BA}.Release|x64.ActiveCfg = Release|x64
		{A3252AA5-4FAF-48F4-A059-79B6131300BA}.Release|x64.Build.0 = Release|x64
		{A3252AA5-4FAF-48F4-A059-79B6131300BA}.Release|x86.ActiveCfg = Release|Win32
		{A3252AA5-4FAF-48F4-A059-79B6131300BA}.Release|x86.Build.0 = Release|Win32
		{5208299C-DB96-44CF-ADEE-9CF53C3803B9}.Debug|x64.ActiveCfg = Debug|x64
		{5208299C-DB96-44CF-ADEE-9CF53C3803B9}.Debug|x64.Build.0 = Debug|x64
		{5208299C-DB96-44CF-ADEE-9CF53C3803B9}.Debug|x86.ActiveCfg = Debug|Win32
		{5208299C-DB96-44CF-ADEE-9CF53C3803B9}.Debug|x86.Build.0 = Debug|Win32
		{5208299C-DB96-44CF-ADEE-9CF53C3803B9}.Release|x64.ActiveCfg = Release|x64
		{5208299C-DB96-44CF-ADEE-9CF53C3803B9}.Release|x64.Build.0 = Release|x64
		{5208299C-DB96-44CF-ADEE-9CF53C3803B9}.Release|x86.ActiveCfg = Release|Win32
		{5208299C-DB96-44CF-ADEE-9CF53C3803B9}.Release|x86.Build.0 = Release|Win32
		{4E4F6C68-3394-406E-9274-C560E086A19A}.Debug|x64.ActiveCfg = Debug|x64
		{4E4F6C68-3394-406E-9274-C560E086A19A}.Debug|x64.Build.0 = Debug|x64
		{4E4F6C68-3394-406E-9274-C560E086A19A}.Debug|x86.ActiveCfg = Debug|Win32
		{4E4F6C68-3394-406E-9274-C560E086A19A}.Debug|x86.Build.0 = Debug|Win32
		{4E4F6C68-3394-406E-9274-C560E086A19A}.Release|x64.ActiveCfg = Release|x64
		{4E4F6C68-3394-406E-9274-C560E086A19A}.Release|x64.Build.0 = Release|x64
		{4E4F6C68-3394-406E-9274-C560E086A19A}.Release|x86.ActiveCfg = Release|Win32
		{4E4F6C68-3394-406E-9274-C560E086A19A}.Release|x86.Build.0 = Release|Win32
		{B276CD83-327A-41DD-99EB-5C13A8983BA6}.Debug|x64.ActiveCfg = Debug|x64
		{B276CD83-327A-41DD-99EB-5C13A8983BA6}.Debug|x64.Build.0 = Debug|x64
		{B276CD83-327A-41DD-99EB-5C13A8983BA6}.Debug|x86.ActiveCfg = Debug|Win32
		{B276CD83-327A-41DD-99EB-5C13A8983BA6}.Debug|x86.Build.0 = Debug|Win32
		{B276CD83-327A-41DD-99EB-5C13A8983BA6}.Release|x64.ActiveCfg = Release|x64
		{B276CD83-327A-41DD-99EB-5C13A8983BA6}.Release|x64.Build.0 = Release|x64
		{B276CD83-327A-41DD-99EB-5C13A8983BA6}.Release|x86.ActiveCfg = Release|Win32
		{B276CD83-327A-41DD-99EB-5C13A8983BA6}.Release|x86.Build.0 = Release|Win32
		{E0D7E2B2-76D4-4EFD-B25F-29AAC33D1202}.Debug|x64.ActiveCfg = Debug|x64
		{E0D7E2B2-76D4-4EFD-B25F-29AAC33D1202}.Debug|x64.Build.0 = Debug|x64
		{E0D7E2B2-76D4-4EFD-B25F-29AAC33D1202}.Debug|x86.ActiveCfg = Debug|Win32
		{E0D7E2B2-76D4-4EFD-B25F-29AAC33D1202}.Debug|x86.Build.0 = Debug|Win32
		{E0D7E2B2-76D4-4EFD-B25F-29AAC33D1202}.Release|x64.ActiveCfg = Release|x64
		{E0D7E2B2-76D4-4EFD-B25F-29AAC33D1202}.Release|x64.Build.0 = Release|x64
		{E0D7E2B2-76D4-4EFD-B25F-29AAC33D1202}.Release|x86.ActiveCfg = Release|Win32
		{E0D7E2B2-76D4-4EFD-B25F-29AAC33D1202}.Release|x86.Build.0 = Release|Win32
		{A83E7E8B-6F4C-427B-B693-373D540B6502}.Debug|x64.ActiveCfg = Debug|x64
		{A83E7E8B-6F4C-427B-B693-373D540B6502}.Debug|x64.Build.0 = Debug|x64
		{A83E7E8B-6F4C-427B-B693-373D540B6502}.Debug|x86.ActiveCfg = Debug|Win32
		{A83E7E8B-6F4C-427B-B693-373D540B6502}.Debug|x86.Build.0 = Debug|Win32
		{A83E7E8B-6F4C-427B-B693-373D540B6502}.Release|x64.ActiveCfg = Release|x64
		{A83E7E8B-6F4C-427B-B693-373D540B6502}.Release|x64.Build.0 = Release|x64
		{A83E7E8B-6F4C-427B-B693-373D540B6502}.Release|x86.ActiveCfg = Release|Win32
		{A83E7E8B-6F4C-427B-B693-373D540B6502}.Release|x86.Build.0 = Release|Win32
		{986D2630-66E0-4A89-979D-691083A14381}.Debug|x64.ActiveCfg = Debug|x64
		{986D2630-66E0-4A89-979D-691083A14381}.Debug|x64.Build.0 = Debug|x64
		{986D2630-66E0-4A89-979D-691083A14381}.Debug|x86.ActiveCfg = Debug|Win32
		{986D2630-66E0-4A89-979D-691083A14381}.Debug|x86.Build.0 = Debug|Win32
		{986D2630-66E0-4A89-979D-691083A14381}.Release|x64.ActiveCfg = Release|x64
		{986D2630-66E0-4A89-979D-691083A14381}.Release|x64.Build.0 = Release|x64
		{986D2630-66E0-4A89-979D-691083A14381}.Release|x86.ActiveCfg = Release|Win32
		{986D2630-66E0-4A89-979D-691083A14381}.Release|x86.Build.0 = Release|Win32
		{40123B4D-7174-42F9-A2DA-235C5626B4B3}.Debug|x64.ActiveCfg = Debug|x64
		{40123B4D-7174-42F9-A2DA-235C5626B4B3}.Debug|x64.Build.0 = Debug|x64
		{40123B4D-7174-42F9-A2DA-235C5626B4B3}.Debug|x86.ActiveCfg = Debug|Win32
		{40123B4D-7174-42F9-A2DA-235C5626B4B3}.Debug|x86.Build.0 = Debug|Win32
		{40123B4D-7174-42F9-A2DA-235C5626B4B3}.Release|x64.ActiveCfg = Release|x64
		{40123B4D-7174-42F9-A2DA-235C5626B4B3}.Release|x64.Build.0 = Release|x64
		{40123B4D-7174-42F9-A2DA-235C5626B4B3}.Release|x86.ActiveCfg = Release|Win32
		{40123B4D-7174-42F9-A2DA-235C5626B4B3}.Release|x86.Build.0 = Release|Win32
	EndGlobalSection
	GlobalSection(SolutionProperties) = preSolution
		HideSolutionNode = FALSE
	EndGlobalSection
	GlobalSection(ExtensibilityGlobals) = postSolution
		SolutionGuid = {1517EC8D-0D13-4363-BF13-895EDB733843}
	EndGlobalSection
EndGlobal
