
Microsoft Visual Studio Solution File, Format Version 12.00
# Visual Studio Version 17
VisualStudioVersion = 17.9.34723.18
MinimumVisualStudioVersion = 10.0.40219.1
Project("{8BC9CEB8-8B4A-11D0-8D11-00A0C91BC942}") = "TryThis11.2.1", "TryThis11.2.1\TryThis11.2.1.vcxproj", "{09B9AF4B-098C-45A3-8304-117F7F907DE8}"
EndProject
Project("{8BC9CEB8-8B4A-11D0-8D11-00A0C91BC942}") = "tester", "tester\tester.vcxproj", "{2EF23E5A-942F-4E3F-A32A-735670C91AC3}"
EndProject
Project("{8BC9CEB8-8B4A-11D0-8D11-00A0C91BC942}") = "Ex1", "Ex1\Ex1.vcxproj", "{18C9C17F-0A6A-4C54-82F1-B8E4A22D05F8}"
EndProject
Project("{8BC9CEB8-8B4A-11D0-8D11-00A0C91BC942}") = "Ex2", "Ex2\Ex2.vcxproj", "{61FA75EE-8152-4E50-B12A-0165907296C9}"
EndProject
Project("{8BC9CEB8-8B4A-11D0-8D11-00A0C91BC942}") = "Ex3", "Ex3\Ex3.vcxproj", "{3638BB0D-BF5C-47F2-88FD-A8B8326C81D6}"
EndProject
Project("{8BC9CEB8-8B4A-11D0-8D11-00A0C91BC942}") = "Ex4", "Ex4\Ex4.vcxproj", "{167C2C27-6ECF-4D7D-BD34-6FB069BEF878}"
EndProject
Project("{8BC9CEB8-8B4A-11D0-8D11-00A0C91BC942}") = "Ex5", "Ex5\Ex5.vcxproj", "{D6FE1BBB-AD42-4DDD-9E63-93779B13DEDE}"
EndProject
Project("{8BC9CEB8-8B4A-11D0-8D11-00A0C91BC942}") = "Ex6", "Ex6\Ex6.vcxproj", "{DBFD169C-870B-4ED6-838D-B8CB213B6BE8}"
EndProject
Project("{8BC9CEB8-8B4A-11D0-8D11-00A0C91BC942}") = "Ex7", "Ex7\Ex7.vcxproj", "{6C45A3F8-CBEA-4E5C-A1B8-D026DD9723D4}"
EndProject
Project("{8BC9CEB8-8B4A-11D0-8D11-00A0C91BC942}") = "Ex8", "Ex8\Ex8.vcxproj", "{046390CC-736D-45DE-AEB1-CFE2F56C5073}"
EndProject
Project("{8BC9CEB8-8B4A-11D0-8D11-00A0C91BC942}") = "Ex13", "Ex13\Ex13.vcxproj", "{1C85CCB8-3E35-4278-B1E0-962A30DB0B8D}"
EndProject
Global
	GlobalSection(SolutionConfigurationPlatforms) = preSolution
		Debug|x64 = Debug|x64
		Debug|x86 = Debug|x86
		Release|x64 = Release|x64
		Release|x86 = Release|x86
	EndGlobalSection
	GlobalSection(ProjectConfigurationPlatforms) = postSolution
		{09B9AF4B-098C-45A3-8304-117F7F907DE8}.Debug|x64.ActiveCfg = Debug|x64
		{09B9AF4B-098C-45A3-8304-117F7F907DE8}.Debug|x64.Build.0 = Debug|x64
		{09B9AF4B-098C-45A3-8304-117F7F907DE8}.Debug|x86.ActiveCfg = Debug|Win32
		{09B9AF4B-098C-45A3-8304-117F7F907DE8}.Debug|x86.Build.0 = Debug|Win32
		{09B9AF4B-098C-45A3-8304-117F7F907DE8}.Release|x64.ActiveCfg = Release|x64
		{09B9AF4B-098C-45A3-8304-117F7F907DE8}.Release|x64.Build.0 = Release|x64
		{09B9AF4B-098C-45A3-8304-117F7F907DE8}.Release|x86.ActiveCfg = Release|Win32
		{09B9AF4B-098C-45A3-8304-117F7F907DE8}.Release|x86.Build.0 = Release|Win32
		{2EF23E5A-942F-4E3F-A32A-735670C91AC3}.Debug|x64.ActiveCfg = Debug|x64
		{2EF23E5A-942F-4E3F-A32A-735670C91AC3}.Debug|x64.Build.0 = Debug|x64
		{2EF23E5A-942F-4E3F-A32A-735670C91AC3}.Debug|x86.ActiveCfg = Debug|Win32
		{2EF23E5A-942F-4E3F-A32A-735670C91AC3}.Debug|x86.Build.0 = Debug|Win32
		{2EF23E5A-942F-4E3F-A32A-735670C91AC3}.Release|x64.ActiveCfg = Release|x64
		{2EF23E5A-942F-4E3F-A32A-735670C91AC3}.Release|x64.Build.0 = Release|x64
		{2EF23E5A-942F-4E3F-A32A-735670C91AC3}.Release|x86.ActiveCfg = Release|Win32
		{2EF23E5A-942F-4E3F-A32A-735670C91AC3}.Release|x86.Build.0 = Release|Win32
		{18C9C17F-0A6A-4C54-82F1-B8E4A22D05F8}.Debug|x64.ActiveCfg = Debug|x64
		{18C9C17F-0A6A-4C54-82F1-B8E4A22D05F8}.Debug|x64.Build.0 = Debug|x64
		{18C9C17F-0A6A-4C54-82F1-B8E4A22D05F8}.Debug|x86.ActiveCfg = Debug|Win32
		{18C9C17F-0A6A-4C54-82F1-B8E4A22D05F8}.Debug|x86.Build.0 = Debug|Win32
		{18C9C17F-0A6A-4C54-82F1-B8E4A22D05F8}.Release|x64.ActiveCfg = Release|x64
		{18C9C17F-0A6A-4C54-82F1-B8E4A22D05F8}.Release|x64.Build.0 = Release|x64
		{18C9C17F-0A6A-4C54-82F1-B8E4A22D05F8}.Release|x86.ActiveCfg = Release|Win32
		{18C9C17F-0A6A-4C54-82F1-B8E4A22D05F8}.Release|x86.Build.0 = Release|Win32
		{61FA75EE-8152-4E50-B12A-0165907296C9}.Debug|x64.ActiveCfg = Debug|x64
		{61FA75EE-8152-4E50-B12A-0165907296C9}.Debug|x64.Build.0 = Debug|x64
		{61FA75EE-8152-4E50-B12A-0165907296C9}.Debug|x86.ActiveCfg = Debug|Win32
		{61FA75EE-8152-4E50-B12A-0165907296C9}.Debug|x86.Build.0 = Debug|Win32
		{61FA75EE-8152-4E50-B12A-0165907296C9}.Release|x64.ActiveCfg = Release|x64
		{61FA75EE-8152-4E50-B12A-0165907296C9}.Release|x64.Build.0 = Release|x64
		{61FA75EE-8152-4E50-B12A-0165907296C9}.Release|x86.ActiveCfg = Release|Win32
		{61FA75EE-8152-4E50-B12A-0165907296C9}.Release|x86.Build.0 = Release|Win32
		{3638BB0D-BF5C-47F2-88FD-A8B8326C81D6}.Debug|x64.ActiveCfg = Debug|x64
		{3638BB0D-BF5C-47F2-88FD-A8B8326C81D6}.Debug|x64.Build.0 = Debug|x64
		{3638BB0D-BF5C-47F2-88FD-A8B8326C81D6}.Debug|x86.ActiveCfg = Debug|Win32
		{3638BB0D-BF5C-47F2-88FD-A8B8326C81D6}.Debug|x86.Build.0 = Debug|Win32
		{3638BB0D-BF5C-47F2-88FD-A8B8326C81D6}.Release|x64.ActiveCfg = Release|x64
		{3638BB0D-BF5C-47F2-88FD-A8B8326C81D6}.Release|x64.Build.0 = Release|x64
		{3638BB0D-BF5C-47F2-88FD-A8B8326C81D6}.Release|x86.ActiveCfg = Release|Win32
		{3638BB0D-BF5C-47F2-88FD-A8B8326C81D6}.Release|x86.Build.0 = Release|Win32
		{167C2C27-6ECF-4D7D-BD34-6FB069BEF878}.Debug|x64.ActiveCfg = Debug|x64
		{167C2C27-6ECF-4D7D-BD34-6FB069BEF878}.Debug|x64.Build.0 = Debug|x64
		{167C2C27-6ECF-4D7D-BD34-6FB069BEF878}.Debug|x86.ActiveCfg = Debug|Win32
		{167C2C27-6ECF-4D7D-BD34-6FB069BEF878}.Debug|x86.Build.0 = Debug|Win32
		{167C2C27-6ECF-4D7D-BD34-6FB069BEF878}.Release|x64.ActiveCfg = Release|x64
		{167C2C27-6ECF-4D7D-BD34-6FB069BEF878}.Release|x64.Build.0 = Release|x64
		{167C2C27-6ECF-4D7D-BD34-6FB069BEF878}.Release|x86.ActiveCfg = Release|Win32
		{167C2C27-6ECF-4D7D-BD34-6FB069BEF878}.Release|x86.Build.0 = Release|Win32
		{D6FE1BBB-AD42-4DDD-9E63-93779B13DEDE}.Debug|x64.ActiveCfg = Debug|x64
		{D6FE1BBB-AD42-4DDD-9E63-93779B13DEDE}.Debug|x64.Build.0 = Debug|x64
		{D6FE1BBB-AD42-4DDD-9E63-93779B13DEDE}.Debug|x86.ActiveCfg = Debug|Win32
		{D6FE1BBB-AD42-4DDD-9E63-93779B13DEDE}.Debug|x86.Build.0 = Debug|Win32
		{D6FE1BBB-AD42-4DDD-9E63-93779B13DEDE}.Release|x64.ActiveCfg = Release|x64
		{D6FE1BBB-AD42-4DDD-9E63-93779B13DEDE}.Release|x64.Build.0 = Release|x64
		{D6FE1BBB-AD42-4DDD-9E63-93779B13DEDE}.Release|x86.ActiveCfg = Release|Win32
		{D6FE1BBB-AD42-4DDD-9E63-93779B13DEDE}.Release|x86.Build.0 = Release|Win32
		{DBFD169C-870B-4ED6-838D-B8CB213B6BE8}.Debug|x64.ActiveCfg = Debug|x64
		{DBFD169C-870B-4ED6-838D-B8CB213B6BE8}.Debug|x64.Build.0 = Debug|x64
		{DBFD169C-870B-4ED6-838D-B8CB213B6BE8}.Debug|x86.ActiveCfg = Debug|Win32
		{DBFD169C-870B-4ED6-838D-B8CB213B6BE8}.Debug|x86.Build.0 = Debug|Win32
		{DBFD169C-870B-4ED6-838D-B8CB213B6BE8}.Release|x64.ActiveCfg = Release|x64
		{DBFD169C-870B-4ED6-838D-B8CB213B6BE8}.Release|x64.Build.0 = Release|x64
		{DBFD169C-870B-4ED6-838D-B8CB213B6BE8}.Release|x86.ActiveCfg = Release|Win32
		{DBFD169C-870B-4ED6-838D-B8CB213B6BE8}.Release|x86.Build.0 = Release|Win32
		{6C45A3F8-CBEA-4E5C-A1B8-D026DD9723D4}.Debug|x64.ActiveCfg = Debug|x64
		{6C45A3F8-CBEA-4E5C-A1B8-D026DD9723D4}.Debug|x64.Build.0 = Debug|x64
		{6C45A3F8-CBEA-4E5C-A1B8-D026DD9723D4}.Debug|x86.ActiveCfg = Debug|Win32
		{6C45A3F8-CBEA-4E5C-A1B8-D026DD9723D4}.Debug|x86.Build.0 = Debug|Win32
		{6C45A3F8-CBEA-4E5C-A1B8-D026DD9723D4}.Release|x64.ActiveCfg = Release|x64
		{6C45A3F8-CBEA-4E5C-A1B8-D026DD9723D4}.Release|x64.Build.0 = Release|x64
		{6C45A3F8-CBEA-4E5C-A1B8-D026DD9723D4}.Release|x86.ActiveCfg = Release|Win32
		{6C45A3F8-CBEA-4E5C-A1B8-D026DD9723D4}.Release|x86.Build.0 = Release|Win32
		{046390CC-736D-45DE-AEB1-CFE2F56C5073}.Debug|x64.ActiveCfg = Debug|x64
		{046390CC-736D-45DE-AEB1-CFE2F56C5073}.Debug|x64.Build.0 = Debug|x64
		{046390CC-736D-45DE-AEB1-CFE2F56C5073}.Debug|x86.ActiveCfg = Debug|Win32
		{046390CC-736D-45DE-AEB1-CFE2F56C5073}.Debug|x86.Build.0 = Debug|Win32
		{046390CC-736D-45DE-AEB1-CFE2F56C5073}.Release|x64.ActiveCfg = Release|x64
		{046390CC-736D-45DE-AEB1-CFE2F56C5073}.Release|x64.Build.0 = Release|x64
		{046390CC-736D-45DE-AEB1-CFE2F56C5073}.Release|x86.ActiveCfg = Release|Win32
		{046390CC-736D-45DE-AEB1-CFE2F56C5073}.Release|x86.Build.0 = Release|Win32
		{1C85CCB8-3E35-4278-B1E0-962A30DB0B8D}.Debug|x64.ActiveCfg = Debug|x64
		{1C85CCB8-3E35-4278-B1E0-962A30DB0B8D}.Debug|x64.Build.0 = Debug|x64
		{1C85CCB8-3E35-4278-B1E0-962A30DB0B8D}.Debug|x86.ActiveCfg = Debug|Win32
		{1C85CCB8-3E35-4278-B1E0-962A30DB0B8D}.Debug|x86.Build.0 = Debug|Win32
		{1C85CCB8-3E35-4278-B1E0-962A30DB0B8D}.Release|x64.ActiveCfg = Release|x64
		{1C85CCB8-3E35-4278-B1E0-962A30DB0B8D}.Release|x64.Build.0 = Release|x64
		{1C85CCB8-3E35-4278-B1E0-962A30DB0B8D}.Release|x86.ActiveCfg = Release|Win32
		{1C85CCB8-3E35-4278-B1E0-962A30DB0B8D}.Release|x86.Build.0 = Release|Win32
	EndGlobalSection
	GlobalSection(SolutionProperties) = preSolution
		HideSolutionNode = FALSE
	EndGlobalSection
	GlobalSection(ExtensibilityGlobals) = postSolution
		SolutionGuid = {91660F05-EDA1-4EE5-A9FA-EA7AF7AAF547}
	EndGlobalSection
EndGlobal
